
Microsoft Visual Studio Solution File, Format Version 12.00
# Visual Studio Version 16
VisualStudioVersion = 16.0.33529.622
MinimumVisualStudioVersion = 10.0.40219.1
Project("{8BC9CEB8-8B4A-11D0-8D11-00A0C91BC942}") = "220Sequenatiallist", "220Sequenatiallist\220Sequenatiallist.vcxproj", "{ECBB1EE3-4253-4598-A2E9-9A955D021ACF}"
EndProject
Global
	GlobalSection(SolutionConfigurationPlatforms) = preSolution
		Debug|x64 = Debug|x64
		Debug|x86 = Debug|x86
		Release|x64 = Release|x64
		Release|x86 = Release|x86
	EndGlobalSection
	GlobalSection(ProjectConfigurationPlatforms) = postSolution
		{ECBB1EE3-4253-4598-A2E9-9A955D021ACF}.Debug|x64.ActiveCfg = Debug|x64
		{ECBB1EE3-4253-4598-A2E9-9A955D021ACF}.Debug|x64.Build.0 = Debug|x64
		{ECBB1EE3-4253-4598-A2E9-9A955D021ACF}.Debug|x86.ActiveCfg = Debug|Win32
		{ECBB1EE3-4253-4598-A2E9-9A955D021ACF}.Debug|x86.Build.0 = Debug|Win32
		{ECBB1EE3-4253-4598-A2E9-9A955D021ACF}.Release|x64.ActiveCfg = Release|x64
		{ECBB1EE3-4253-4598-A2E9-9A955D021ACF}.Release|x64.Build.0 = Release|x64
		{ECBB1EE3-4253-4598-A2E9-9A955D021ACF}.Release|x86.ActiveCfg = Release|Win32
		{ECBB1EE3-4253-4598-A2E9-9A955D021ACF}.Release|x86.Build.0 = Release|Win32
	EndGlobalSection
	GlobalSection(SolutionProperties) = preSolution
		HideSolutionNode = FALSE
	EndGlobalSection
	GlobalSection(ExtensibilityGlobals) = postSolution
		SolutionGuid = {8DD33D47-640E-4F54-8353-E7213DFD7A9A}
	EndGlobalSection
EndGlobal
